{
  "name": "isc-web",
  "lockfileVersion": 3,
  "requires": true,
  "packages": {
    "": {
      "dependencies": {
        "@cloudflare/pages-plugin-mailchannels": "^0.1.2"
      }
    },
    "node_modules/@cloudflare/pages-plugin-mailchannels": {
      "version": "0.1.2",
      "resolved": "https://registry.npmjs.org/@cloudflare/pages-plugin-mailchannels/-/pages-plugin-mailchannels-0.1.2.tgz",
      "integrity": "sha512-xPZNM4NEhFkxnx6JNqoWzk3zgvyoPTFb5KbBz5Z1bc4X/D3gidR776WyUVQzR5OphzTqZfFiC9B8mYUyG0WEVg=="
    }
  }
}
